{
  "object": {
    "pins": [
      {
        "package": "swift-argument-parser",
        "repositoryURL": "https://github.com/apple/swift-argument-parser",
        "state": {
          "branch": null,
          "revision": "8d31a0905c346a45c87773ad50862b5b3df8dff6",
          "version": "0.0.4"
        }
      },
      {
        "package": "SwiftShell",
        "repositoryURL": "https://github.com/kareman/SwiftShell",
        "state": {
          "branch": null,
          "revision": "fb7fc2c9ad8811caf324431a508fb79e3fb74f99",
          "version": "5.0.1"
        }
      },
      {
        "package": "SwiftyPodsDSL",
        "repositoryURL": "https://github.com/bitomule/SwiftyPodsDSL",
        "state": {
          "branch": "master",
          "revision": "3800f78ba7de5b08b8a46fc4fffe334c2c230d6f",
          "version": null
        }
      }
    ]
  },
  "version": 1
}
