{
  "object": {
    "pins": [
      {
        "package": "swift-argument-parser",
        "repositoryURL": "https://github.com/apple/swift-argument-parser",
        "state": {
          "branch": null,
          "revision": "9f04d1ff1afbccd02279338a2c91e5f27c45e93a",
          "version": "0.0.5"
        }
      },
      {
        "package": "SwiftShell",
        "repositoryURL": "https://github.com/kareman/SwiftShell",
        "state": {
          "branch": null,
          "revision": "fb7fc2c9ad8811caf324431a508fb79e3fb74f99",
          "version": "5.0.1"
        }
      },
      {
        "package": "SwiftyPods",
        "repositoryURL": "git@github.com:bitomule/SwiftyPods",
        "state": {
          "branch": "master",
          "revision": "949d3803c32db9ee00d40f60343b391b7fb06e3c",
          "version": null
        }
      },
      {
        "package": "SwiftyPodsDSL",
        "repositoryURL": "https://github.com/bitomule/SwiftyPodsDSL",
        "state": {
          "branch": "master",
          "revision": "85a80580ca2408160ebe4e569f52bacc89340f5d",
          "version": null
        }
      }
    ]
  },
  "version": 1
}
